
Microsoft Visual Studio Solution File, Format Version 12.00
# Visual Studio Version 16
VisualStudioVersion = 16.0.29209.62
MinimumVisualStudioVersion = 10.0.40219.1
Project("{FAE04EC0-301F-11D3-BF4B-00C04F79EFBC}") = "SpazL", "SpazL\SpazL.csproj", "{50936DF2-9223-411E-8393-B538B5927AD0}"
EndProject
Project("{FAE04EC0-301F-11D3-BF4B-00C04F79EFBC}") = "SpazlUT", "SpazlUT\SpazlUT.csproj", "{C2921A6C-2006-48DD-BE5E-EEA1E5BBB633}"
EndProject
Global
	GlobalSection(SolutionConfigurationPlatforms) = preSolution
		Debug|Any CPU = Debug|Any CPU
		Release|Any CPU = Release|Any CPU
	EndGlobalSection
	GlobalSection(ProjectConfigurationPlatforms) = postSolution
		{50936DF2-9223-411E-8393-B538B5927AD0}.Debug|Any CPU.ActiveCfg = Debug|Any CPU
		{50936DF2-9223-411E-8393-B538B5927AD0}.Debug|Any CPU.Build.0 = Debug|Any CPU
		{50936DF2-9223-411E-8393-B538B5927AD0}.Release|Any CPU.ActiveCfg = Release|Any CPU
		{50936DF2-9223-411E-8393-B538B5927AD0}.Release|Any CPU.Build.0 = Release|Any CPU
		{C2921A6C-2006-48DD-BE5E-EEA1E5BBB633}.Debug|Any CPU.ActiveCfg = Debug|Any CPU
		{C2921A6C-2006-48DD-BE5E-EEA1E5BBB633}.Debug|Any CPU.Build.0 = Debug|Any CPU
		{C2921A6C-2006-48DD-BE5E-EEA1E5BBB633}.Release|Any CPU.ActiveCfg = Release|Any CPU
		{C2921A6C-2006-48DD-BE5E-EEA1E5BBB633}.Release|Any CPU.Build.0 = Release|Any CPU
	EndGlobalSection
	GlobalSection(SolutionProperties) = preSolution
		HideSolutionNode = FALSE
	EndGlobalSection
	GlobalSection(ExtensibilityGlobals) = postSolution
		SolutionGuid = {C245D40B-FB0A-4C09-9BF7-28AD60B21699}
	EndGlobalSection
EndGlobal
